dependencies:
- name: common
  repository: file://../../common
  version: 0.1.0
- name: car-config
  repository: file://../../services/car-config
  version: 0.1.0
- name: car-eureka
  repository: file://../../services/car-eureka
  version: 0.1.0
- name: car-gateway
  repository: file://../../services/car-gateway
  version: 0.1.0
- name: car-info-service
  repository: file://../../services/car-info-service
  version: 0.1.0
- name: web-scraping
  repository: file://../../services/web-scraping
  version: 0.1.0
digest: sha256:bcb2cfa8c358b28dfb69629e86dcc851beef6b25be2409ba562467802bcf0731
generated: "2022-07-27T17:23:53.081901+08:00"
